
Microsoft Visual Studio Solution File, Format Version 12.00
# Visual Studio Version 16
VisualStudioVersion = 16.0.29920.165
MinimumVisualStudioVersion = 10.0.40219.1
Project("{FAE04EC0-301F-11D3-BF4B-00C04F79EFBC}") = "Products.WebApi", "Products.WebApi\Products.WebApi.csproj", "{6DD2AF75-3793-41B8-BD19-6C5357914CF6}"
EndProject
Project("{FAE04EC0-301F-11D3-BF4B-00C04F79EFBC}") = "Units.WebApi", "Units.WebApi\Units.WebApi.csproj", "{DC70B7E6-2410-40E8-BAC8-E069B0691849}"
EndProject
Project("{FAE04EC0-301F-11D3-BF4B-00C04F79EFBC}") = "Ocelot.ApiGateway", "Ocelot.ApiGateway\Ocelot.ApiGateway.csproj", "{A12BD57F-F8FA-45A7-9386-3DC614DE2109}"
EndProject
Global
	GlobalSection(SolutionConfigurationPlatforms) = preSolution
		Debug|Any CPU = Debug|Any CPU
		Release|Any CPU = Release|Any CPU
	EndGlobalSection
	GlobalSection(ProjectConfigurationPlatforms) = postSolution
		{6DD2AF75-3793-41B8-BD19-6C5357914CF6}.Debug|Any CPU.ActiveCfg = Debug|Any CPU
		{6DD2AF75-3793-41B8-BD19-6C5357914CF6}.Debug|Any CPU.Build.0 = Debug|Any CPU
		{6DD2AF75-3793-41B8-BD19-6C5357914CF6}.Release|Any CPU.ActiveCfg = Release|Any CPU
		{6DD2AF75-3793-41B8-BD19-6C5357914CF6}.Release|Any CPU.Build.0 = Release|Any CPU
		{DC70B7E6-2410-40E8-BAC8-E069B0691849}.Debug|Any CPU.ActiveCfg = Debug|Any CPU
		{DC70B7E6-2410-40E8-BAC8-E069B0691849}.Debug|Any CPU.Build.0 = Debug|Any CPU
		{DC70B7E6-2410-40E8-BAC8-E069B0691849}.Release|Any CPU.ActiveCfg = Release|Any CPU
		{DC70B7E6-2410-40E8-BAC8-E069B0691849}.Release|Any CPU.Build.0 = Release|Any CPU
		{A12BD57F-F8FA-45A7-9386-3DC614DE2109}.Debug|Any CPU.ActiveCfg = Debug|Any CPU
		{A12BD57F-F8FA-45A7-9386-3DC614DE2109}.Debug|Any CPU.Build.0 = Debug|Any CPU
		{A12BD57F-F8FA-45A7-9386-3DC614DE2109}.Release|Any CPU.ActiveCfg = Release|Any CPU
		{A12BD57F-F8FA-45A7-9386-3DC614DE2109}.Release|Any CPU.Build.0 = Release|Any CPU
	EndGlobalSection
	GlobalSection(SolutionProperties) = preSolution
		HideSolutionNode = FALSE
	EndGlobalSection
	GlobalSection(ExtensibilityGlobals) = postSolution
		SolutionGuid = {A2EACCD0-03C0-4BAF-AF27-7EB4B0D86ADB}
	EndGlobalSection
EndGlobal
